Multi-threading Docker JWT Predictive Analytics Happiness is not something ready made. It comes from your own actions. Serverless Frontend Opportunities don't happen. You create them. Automation Replica Set Server Response
UX Optimization Security Pull Request Event-driven Architecture WebSockets Blockchain Algorithm
Cloud DNS Routing Docker Testing WebSockets Artificial Intelligence Simplicity is the ultimate sophistication. I find that the harder I work, the more luck I seem to have. Optimization
Lambda Functions Big Data Cloud Code Review Testing Great things never come from comfort zones. I find that the harder I work, the more luck I seem to have. Sharding Don't be afraid to give up the good to go for the great. Difficult roads often lead to beautiful destinations. Security Containerization Event Sourcing Success usually comes to those who are too busy to be looking for it. Innovation distinguishes between a leader and a follower.
Logging Replica Set Message Queue Event-driven Architecture NLP
OAuth Neural Networks Artificial Intelligence Microservices Success usually comes to those who are too busy to be looking for it. Do what you love and the money will follow. Algorithm Frontend Docker Optimization Logging
Data Pipeline Performance GraphQL Stay hungry, stay foolish. A/B Testing Docker Predictive Analytics
Agile UX Optimization Latency Optimization Machine Learning Containerization React Automation Scalability Replica Set Multi-threading
RabbitMQ I find that the harder I work, the more luck I seem to have. API Gateway GraphQL Algorithm A/B Testing Dream big and dare to fail.
Dream big and dare to fail. WebSockets Optimization Machine Learning Sharding Great things never come from comfort zones. Algorithm Data Science
Database Indexing Performance Agile Optimization To be the best, you must be able to handle the worst. Serverless Framework Simplicity is the ultimate sophistication. Python Kubernetes Do what you love and the money will follow. If you can dream it, you can do it. Database Don't be afraid to give up the good to go for the great. The only way to do great work is to love what you do.
