Multi-threading Docker JWT Predictive Analytics Happiness is not something ready made. It comes from your own actions. Serverless Frontend Opportunities don't happen. You create them. Automation Replica Set Server Response
UX Optimization Security Pull Request Event-driven Architecture WebSockets Blockchain Algorithm
